// !$*UTF8*$!
{
	archiveVersion = 1;
	classes = {
	};
	objectVersion = 55;
	objects = {

/* Begin PBXBuildFile section */
		26DA3ED62854B3CE0066AAA6 /* ChartView.swift in Sources */ = {isa = PBXBuildFile; fileRef = 26DA3ED52854B3CE0066AAA6 /* ChartView.swift */; };
		26DA3ED82855FE8C0066AAA6 /* ChartStats.swift in Sources */ = {isa = PBXBuildFile; fileRef = 26DA3ED72855FE8C0066AAA6 /* ChartStats.swift */; };
		26DA3EDA2855FEB90066AAA6 /* Stat.swift in Sources */ = {isa = PBXBuildFile; fileRef = 26DA3ED92855FEB90066AAA6 /* Stat.swift */; };
		FB3CFCA8284CC6CC00C97357 /* HowManyOrcsApp.swift in Sources */ = {isa = PBXBuildFile; fileRef = FB3CFCA7284CC6CC00C97357 /* HowManyOrcsApp.swift */; };
		FB3CFCAA284CC6CC00C97357 /* MainView.swift in Sources */ = {isa = PBXBuildFile; fileRef = FB3CFCA9284CC6CC00C97357 /* MainView.swift */; };
		FB3CFCAC284CC6CD00C97357 /* Assets.xcassets in Resources */ = {isa = PBXBuildFile; fileRef = FB3CFCAB284CC6CD00C97357 /* Assets.xcassets */; };
		FB3CFCAF284CC6CD00C97357 /* Preview Assets.xcassets in Resources */ = {isa = PBXBuildFile; fileRef = FB3CFCAE284CC6CD00C97357 /* Preview Assets.xcassets */; };
		FB3CFCB6284CC78600C97357 /* OrcsStats.swift in Sources */ = {isa = PBXBuildFile; fileRef = FB3CFCB5284CC78600C97357 /* OrcsStats.swift */; };
		FB3CFCB8284CCB1500C97357 /* StatView.swift in Sources */ = {isa = PBXBuildFile; fileRef = FB3CFCB7284CCB1500C97357 /* StatView.swift */; };
		FB3CFCBA284CD73A00C97357 /* NetworkManager.swift in Sources */ = {isa = PBXBuildFile; fileRef = FB3CFCB9284CD73A00C97357 /* NetworkManager.swift */; };
		FB3CFCBC284CD9EF00C97357 /* MainViewModel.swift in Sources */ = {isa = PBXBuildFile; fileRef = FB3CFCBB284CD9EF00C97357 /* MainViewModel.swift */; };
		FB3CFCBF284D3D8600C97357 /* View+RoundedCorners.swift in Sources */ = {isa = PBXBuildFile; fileRef = FB3CFCBE284D3D8600C97357 /* View+RoundedCorners.swift */; };
		FB3CFCC3284D3EC300C97357 /* ListView.swift in Sources */ = {isa = PBXBuildFile; fileRef = FB3CFCC2284D3EC300C97357 /* ListView.swift */; };
/* End PBXBuildFile section */

/* Begin PBXFileReference section */
		26DA3ED52854B3CE0066AAA6 /* ChartView.swift */ = {isa = PBXFileReference; lastKnownFileType = sourcecode.swift; path = ChartView.swift; sourceTree = "<group>"; };
		26DA3ED72855FE8C0066AAA6 /* ChartStats.swift */ = {isa = PBXFileReference; lastKnownFileType = sourcecode.swift; path = ChartStats.swift; sourceTree = "<group>"; };
		26DA3ED92855FEB90066AAA6 /* Stat.swift */ = {isa = PBXFileReference; lastKnownFileType = sourcecode.swift; path = Stat.swift; sourceTree = "<group>"; };
		FB3CFCA4284CC6CC00C97357 /* HowManyOrcs.app */ = {isa = PBXFileReference; explicitFileType = wrapper.application; includeInIndex = 0; path = HowManyOrcs.app; sourceTree = BUILT_PRODUCTS_DIR; };
		FB3CFCA7284CC6CC00C97357 /* HowManyOrcsApp.swift */ = {isa = PBXFileReference; lastKnownFileType = sourcecode.swift; path = HowManyOrcsApp.swift; sourceTree = "<group>"; };
		FB3CFCA9284CC6CC00C97357 /* MainView.swift */ = {isa = PBXFileReference; lastKnownFileType = sourcecode.swift; path = MainView.swift; sourceTree = "<group>"; };
		FB3CFCAB284CC6CD00C97357 /* Assets.xcassets */ = {isa = PBXFileReference; lastKnownFileType = folder.assetcatalog; path = Assets.xcassets; sourceTree = "<group>"; };
		FB3CFCAE284CC6CD00C97357 /* Preview Assets.xcassets */ = {isa = PBXFileReference; lastKnownFileType = folder.assetcatalog; path = "Preview Assets.xcassets"; sourceTree = "<group>"; };
		FB3CFCB5284CC78600C97357 /* OrcsStats.swift */ = {isa = PBXFileReference; lastKnownFileType = sourcecode.swift; path = OrcsStats.swift; sourceTree = "<group>"; };
		FB3CFCB7284CCB1500C97357 /* StatView.swift */ = {isa = PBXFileReference; lastKnownFileType = sourcecode.swift; path = StatView.swift; sourceTree = "<group>"; };
		FB3CFCB9284CD73A00C97357 /* NetworkManager.swift */ = {isa = PBXFileReference; lastKnownFileType = sourcecode.swift; path = NetworkManager.swift; sourceTree = "<group>"; };
		FB3CFCBB284CD9EF00C97357 /* MainViewModel.swift */ = {isa = PBXFileReference; lastKnownFileType = sourcecode.swift; path = MainViewModel.swift; sourceTree = "<group>"; };
		FB3CFCBE284D3D8600C97357 /* View+RoundedCorners.swift */ = {isa = PBXFileReference; lastKnownFileType = sourcecode.swift; path = "View+RoundedCorners.swift"; sourceTree = "<group>"; };
		FB3CFCC2284D3EC300C97357 /* ListView.swift */ = {isa = PBXFileReference; lastKnownFileType = sourcecode.swift; path = ListView.swift; sourceTree = "<group>"; };
/* End PBXFileReference section */

/* Begin PBXFrameworksBuildPhase section */
		FB3CFCA1284CC6CC00C97357 /* Frameworks */ = {
			isa = PBXFrameworksBuildPhase;
			buildActionMask = 2147483647;
			files = (
			);
			runOnlyForDeploymentPostprocessing = 0;
		};
/* End PBXFrameworksBuildPhase section */

/* Begin PBXGroup section */
		FB3CFC9B284CC6CC00C97357 = {
			isa = PBXGroup;
			children = (
				FB3CFCA6284CC6CC00C97357 /* HowManyOrcs */,
				FB3CFCA5284CC6CC00C97357 /* Products */,
			);
			sourceTree = "<group>";
		};
		FB3CFCA5284CC6CC00C97357 /* Products */ = {
			isa = PBXGroup;
			children = (
				FB3CFCA4284CC6CC00C97357 /* HowManyOrcs.app */,
			);
			name = Products;
			sourceTree = "<group>";
		};
		FB3CFCA6284CC6CC00C97357 /* HowManyOrcs */ = {
			isa = PBXGroup;
			children = (
				FB3CFCC7284D3F2300C97357 /* Resource */,
				FB3CFCC8284D3F3900C97357 /* Managers */,
				FB3CFCC9284D3F4800C97357 /* Models */,
				FB3CFCC4284D3ED900C97357 /* UI */,
				FB3CFCA7284CC6CC00C97357 /* HowManyOrcsApp.swift */,
				FB3CFCAD284CC6CD00C97357 /* Preview Content */,
			);
			path = HowManyOrcs;
			sourceTree = "<group>";
		};
		FB3CFCAD284CC6CD00C97357 /* Preview Content */ = {
			isa = PBXGroup;
			children = (
				FB3CFCAE284CC6CD00C97357 /* Preview Assets.xcassets */,
			);
			path = "Preview Content";
			sourceTree = "<group>";
		};
		FB3CFCC4284D3ED900C97357 /* UI */ = {
			isa = PBXGroup;
			children = (
				FB3CFCC6284D3F1200C97357 /* Main */,
				26DA3ED52854B3CE0066AAA6 /* ChartView.swift */,
				FB3CFCC2284D3EC300C97357 /* ListView.swift */,
				FB3CFCBE284D3D8600C97357 /* View+RoundedCorners.swift */,
				FB3CFCB7284CCB1500C97357 /* StatView.swift */,
			);
			path = UI;
			sourceTree = "<group>";
		};
		FB3CFCC6284D3F1200C97357 /* Main */ = {
			isa = PBXGroup;
			children = (
				FB3CFCA9284CC6CC00C97357 /* MainView.swift */,
				FB3CFCBB284CD9EF00C97357 /* MainViewModel.swift */,
			);
			path = Main;
			sourceTree = "<group>";
		};
		FB3CFCC7284D3F2300C97357 /* Resource */ = {
			isa = PBXGroup;
			children = (
				FB3CFCAB284CC6CD00C97357 /* Assets.xcassets */,
			);
			path = Resource;
			sourceTree = "<group>";
		};
		FB3CFCC8284D3F3900C97357 /* Managers */ = {
			isa = PBXGroup;
			children = (
				FB3CFCB9284CD73A00C97357 /* NetworkManager.swift */,
			);
			path = Managers;
			sourceTree = "<group>";
		};
		FB3CFCC9284D3F4800C97357 /* Models */ = {
			isa = PBXGroup;
			children = (
				FB3CFCB5284CC78600C97357 /* OrcsStats.swift */,
				26DA3ED92855FEB90066AAA6 /* Stat.swift */,
				26DA3ED72855FE8C0066AAA6 /* ChartStats.swift */,
			);
			path = Models;
			sourceTree = "<group>";
		};
/* End PBXGroup section */

/* Begin PBXNativeTarget section */
		FB3CFCA3284CC6CC00C97357 /* HowManyOrcs */ = {
			isa = PBXNativeTarget;
			buildConfigurationList = FB3CFCB2284CC6CD00C97357 /* Build configuration list for PBXNativeTarget "HowManyOrcs" */;
			buildPhases = (
				FB3CFCA0284CC6CC00C97357 /* Sources */,
				FB3CFCA1284CC6CC00C97357 /* Frameworks */,
				FB3CFCA2284CC6CC00C97357 /* Resources */,
			);
			buildRules = (
			);
			dependencies = (
			);
			name = HowManyOrcs;
			productName = HowManyOrcs;
			productReference = FB3CFCA4284CC6CC00C97357 /* HowManyOrcs.app */;
			productType = "com.apple.product-type.application";
		};
/* End PBXNativeTarget section */

/* Begin PBXProject section */
		FB3CFC9C284CC6CC00C97357 /* Project object */ = {
			isa = PBXProject;
			attributes = {
				BuildIndependentTargetsInParallel = 1;
				LastSwiftUpdateCheck = 1340;
				LastUpgradeCheck = 1340;
				TargetAttributes = {
					FB3CFCA3284CC6CC00C97357 = {
						CreatedOnToolsVersion = 13.4;
					};
				};
			};
			buildConfigurationList = FB3CFC9F284CC6CC00C97357 /* Build configuration list for PBXProject "HowManyOrcs" */;
			compatibilityVersion = "Xcode 13.0";
			developmentRegion = en;
			hasScannedForEncodings = 0;
			knownRegions = (
				en,
				Base,
			);
			mainGroup = FB3CFC9B284CC6CC00C97357;
			productRefGroup = FB3CFCA5284CC6CC00C97357 /* Products */;
			projectDirPath = "";
			projectRoot = "";
			targets = (
				FB3CFCA3284CC6CC00C97357 /* HowManyOrcs */,
			);
		};
/* End PBXProject section */

/* Begin PBXResourcesBuildPhase section */
		FB3CFCA2284CC6CC00C97357 /* Resources */ = {
			isa = PBXResourcesBuildPhase;
			buildActionMask = 2147483647;
			files = (
				FB3CFCAF284CC6CD00C97357 /* Preview Assets.xcassets in Resources */,
				FB3CFCAC284CC6CD00C97357 /* Assets.xcassets in Resources */,
			);
			runOnlyForDeploymentPostprocessing = 0;
		};
/* End PBXResourcesBuildPhase section */

/* Begin PBXSourcesBuildPhase section */
		FB3CFCA0284CC6CC00C97357 /* Sources */ = {
			isa = PBXSourcesBuildPhase;
			buildActionMask = 2147483647;
			files = (
				FB3CFCB8284CCB1500C97357 /* StatView.swift in Sources */,
				26DA3ED82855FE8C0066AAA6 /* ChartStats.swift in Sources */,
				FB3CFCBF284D3D8600C97357 /* View+RoundedCorners.swift in Sources */,
				FB3CFCB6284CC78600C97357 /* OrcsStats.swift in Sources */,
				26DA3ED62854B3CE0066AAA6 /* ChartView.swift in Sources */,
				FB3CFCBA284CD73A00C97357 /* NetworkManager.swift in Sources */,
				FB3CFCAA284CC6CC00C97357 /* MainView.swift in Sources */,
				FB3CFCA8284CC6CC00C97357 /* HowManyOrcsApp.swift in Sources */,
				FB3CFCBC284CD9EF00C97357 /* MainViewModel.swift in Sources */,
				26DA3EDA2855FEB90066AAA6 /* Stat.swift in Sources */,
				FB3CFCC3284D3EC300C97357 /* ListView.swift in Sources */,
			);
			runOnlyForDeploymentPostprocessing = 0;
		};
/* End PBXSourcesBuildPhase section */

/* Begin XCBuildConfiguration section */
		FB3CFCB0284CC6CD00C97357 /* Debug */ = {
			isa = XCBuildConfiguration;
			buildSettings = {
				ALWAYS_SEARCH_USER_PATHS = NO;
				CLANG_ANALYZER_NONNULL = YES;
				CLANG_ANALYZER_NUMBER_OBJECT_CONVERSION = YES_AGGRESSIVE;
				CLANG_CXX_LANGUAGE_STANDARD = "gnu++17";
				CLANG_ENABLE_MODULES = YES;
				CLANG_ENABLE_OBJC_ARC = YES;
				CLANG_ENABLE_OBJC_WEAK = YES;
				CLANG_WARN_BLOCK_CAPTURE_AUTORELEASING = YES;
				CLANG_WARN_BOOL_CONVERSION = YES;
				CLANG_WARN_COMMA = YES;
				CLANG_WARN_CONSTANT_CONVERSION = YES;
				CLANG_WARN_DEPRECATED_OBJC_IMPLEMENTATIONS = YES;
				CLANG_WARN_DIRECT_OBJC_ISA_USAGE = YES_ERROR;
				CLANG_WARN_DOCUMENTATION_COMMENTS = YES;
				CLANG_WARN_EMPTY_BODY = YES;
				CLANG_WARN_ENUM_CONVERSION = YES;
				CLANG_WARN_INFINITE_RECURSION = YES;
				CLANG_WARN_INT_CONVERSION = YES;
				CLANG_WARN_NON_LITERAL_NULL_CONVERSION = YES;
				CLANG_WARN_OBJC_IMPLICIT_RETAIN_SELF = YES;
				CLANG_WARN_OBJC_LITERAL_CONVERSION = YES;
				CLANG_WARN_OBJC_ROOT_CLASS = YES_ERROR;
				CLANG_WARN_QUOTED_INCLUDE_IN_FRAMEWORK_HEADER = YES;
				CLANG_WARN_RANGE_LOOP_ANALYSIS = YES;
				CLANG_WARN_STRICT_PROTOTYPES = YES;
				CLANG_WARN_SUSPICIOUS_MOVE = YES;
				CLANG_WARN_UNGUARDED_AVAILABILITY = YES_AGGRESSIVE;
				CLANG_WARN_UNREACHABLE_CODE = YES;
				CLANG_WARN__DUPLICATE_METHOD_MATCH = YES;
				COPY_PHASE_STRIP = NO;
				DEBUG_INFORMATION_FORMAT = dwarf;
				ENABLE_STRICT_OBJC_MSGSEND = YES;
				ENABLE_TESTABILITY = YES;
				GCC_C_LANGUAGE_STANDARD = gnu11;
				GCC_DYNAMIC_NO_PIC = NO;
				GCC_NO_COMMON_BLOCKS = YES;
				GCC_OPTIMIZATION_LEVEL = 0;
				GCC_PREPROCESSOR_DEFINITIONS = (
					"DEBUG=1",
					"$(inherited)",
				);
				GCC_WARN_64_TO_32_BIT_CONVERSION = YES;
				GCC_WARN_ABOUT_RETURN_TYPE = YES_ERROR;
				GCC_WARN_UNDECLARED_SELECTOR = YES;
				GCC_WARN_UNINITIALIZED_AUTOS = YES_AGGRESSIVE;
				GCC_WARN_UNUSED_FUNCTION = YES;
				GCC_WARN_UNUSED_VARIABLE = YES;
				IPHONEOS_DEPLOYMENT_TARGET = 15.5;
				MTL_ENABLE_DEBUG_INFO = INCLUDE_SOURCE;
				MTL_FAST_MATH = YES;
				ONLY_ACTIVE_ARCH = YES;
				SDKROOT = iphoneos;
				SWIFT_ACTIVE_COMPILATION_CONDITIONS = DEBUG;
				SWIFT_OPTIMIZATION_LEVEL = "-Onone";
			};
			name = Debug;
		};
		FB3CFCB1284CC6CD00C97357 /* Release */ = {
			isa = XCBuildConfiguration;
			buildSettings = {
				ALWAYS_SEARCH_USER_PATHS = NO;
				CLANG_ANALYZER_NONNULL = YES;
				CLANG_ANALYZER_NUMBER_OBJECT_CONVERSION = YES_AGGRESSIVE;
				CLANG_CXX_LANGUAGE_STANDARD = "gnu++17";
				CLANG_ENABLE_MODULES = YES;
				CLANG_ENABLE_OBJC_ARC = YES;
				CLANG_ENABLE_OBJC_WEAK = YES;
				CLANG_WARN_BLOCK_CAPTURE_AUTORELEASING = YES;
				CLANG_WARN_BOOL_CONVERSION = YES;
				CLANG_WARN_COMMA = YES;
				CLANG_WARN_CONSTANT_CONVERSION = YES;
				CLANG_WARN_DEPRECATED_OBJC_IMPLEMENTATIONS = YES;
				CLANG_WARN_DIRECT_OBJC_ISA_USAGE = YES_ERROR;
				CLANG_WARN_DOCUMENTATION_COMMENTS = YES;
				CLANG_WARN_EMPTY_BODY = YES;
				CLANG_WARN_ENUM_CONVERSION = YES;
				CLANG_WARN_INFINITE_RECURSION = YES;
				CLANG_WARN_INT_CONVERSION = YES;
				CLANG_WARN_NON_LITERAL_NULL_CONVERSION = YES;
				CLANG_WARN_OBJC_IMPLICIT_RETAIN_SELF = YES;
				CLANG_WARN_OBJC_LITERAL_CONVERSION = YES;
				CLANG_WARN_OBJC_ROOT_CLASS = YES_ERROR;
				CLANG_WARN_QUOTED_INCLUDE_IN_FRAMEWORK_HEADER = YES;
				CLANG_WARN_RANGE_LOOP_ANALYSIS = YES;
				CLANG_WARN_STRICT_PROTOTYPES = YES;
				CLANG_WARN_SUSPICIOUS_MOVE = YES;
				CLANG_WARN_UNGUARDED_AVAILABILITY = YES_AGGRESSIVE;
				CLANG_WARN_UNREACHABLE_CODE = YES;
				CLANG_WARN__DUPLICATE_METHOD_MATCH = YES;
				COPY_PHASE_STRIP = NO;
				DEBUG_INFORMATION_FORMAT = "dwarf-with-dsym";
				ENABLE_NS_ASSERTIONS = NO;
				ENABLE_STRICT_OBJC_MSGSEND = YES;
				GCC_C_LANGUAGE_STANDARD = gnu11;
				GCC_NO_COMMON_BLOCKS = YES;
				GCC_WARN_64_TO_32_BIT_CONVERSION = YES;
				GCC_WARN_ABOUT_RETURN_TYPE = YES_ERROR;
				GCC_WARN_UNDECLARED_SELECTOR = YES;
				GCC_WARN_UNINITIALIZED_AUTOS = YES_AGGRESSIVE;
				GCC_WARN_UNUSED_FUNCTION = YES;
				GCC_WARN_UNUSED_VARIABLE = YES;
				IPHONEOS_DEPLOYMENT_TARGET = 15.5;
				MTL_ENABLE_DEBUG_INFO = NO;
				MTL_FAST_MATH = YES;
				SDKROOT = iphoneos;
				SWIFT_COMPILATION_MODE = wholemodule;
				SWIFT_OPTIMIZATION_LEVEL = "-O";
				VALIDATE_PRODUCT = YES;
			};
			name = Release;
		};
		FB3CFCB3284CC6CD00C97357 /* Debug */ = {
			isa = XCBuildConfiguration;
			buildSettings = {
				ASSETCATALOG_COMPILER_APPICON_NAME = AppIcon;
				ASSETCATALOG_COMPILER_GLOBAL_ACCENT_COLOR_NAME = AccentColor;
				CODE_SIGN_STYLE = Automatic;
				CURRENT_PROJECT_VERSION = 1;
				DEVELOPMENT_ASSET_PATHS = "\"HowManyOrcs/Preview Content\"";
				DEVELOPMENT_TEAM = 6MQUAHZMJ9;
				ENABLE_PREVIEWS = YES;
				GENERATE_INFOPLIST_FILE = YES;
				INFOPLIST_FILE = "";
				INFOPLIST_KEY_UIApplicationSceneManifest_Generation = YES;
				INFOPLIST_KEY_UIApplicationSupportsIndirectInputEvents = YES;
				INFOPLIST_KEY_UILaunchScreen_Generation = YES;
				INFOPLIST_KEY_UISupportedInterfaceOrientations = UIInterfaceOrientationPortrait;
				INFOPLIST_KEY_UISupportedInterfaceOrientations_iPad = "UIInterfaceOrientationLandscapeLeft UIInterfaceOrientationLandscapeRight UIInterfaceOrientationPortraitUpsideDown";
				IPHONEOS_DEPLOYMENT_TARGET = 16.0;
				LD_RUNPATH_SEARCH_PATHS = (
					"$(inherited)",
					"@executable_path/Frameworks",
				);
				MARKETING_VERSION = 1.0;
				PRODUCT_BUNDLE_IDENTIFIER = com.vladkozlov.HowManyOrcs;
				PRODUCT_NAME = "$(TARGET_NAME)";
				SWIFT_EMIT_LOC_STRINGS = YES;
				SWIFT_VERSION = 5.0;
				TARGETED_DEVICE_FAMILY = "1,2";
			};
			name = Debug;
		};
		FB3CFCB4284CC6CD00C97357 /* Release */ = {
			isa = XCBuildConfiguration;
			buildSettings = {
				ASSETCATALOG_COMPILER_APPICON_NAME = AppIcon;
				ASSETCATALOG_COMPILER_GLOBAL_ACCENT_COLOR_NAME = AccentColor;
				CODE_SIGN_STYLE = Automatic;
				CURRENT_PROJECT_VERSION = 1;
				DEVELOPMENT_ASSET_PATHS = "\"HowManyOrcs/Preview Content\"";
				DEVELOPMENT_TEAM = 6MQUAHZMJ9;
				ENABLE_PREVIEWS = YES;
				GENERATE_INFOPLIST_FILE = YES;
				INFOPLIST_FILE = "";
				INFOPLIST_KEY_UIApplicationSceneManifest_Generation = YES;
				INFOPLIST_KEY_UIApplicationSupportsIndirectInputEvents = YES;
				INFOPLIST_KEY_UILaunchScreen_Generation = YES;
				INFOPLIST_KEY_UISupportedInterfaceOrientations = UIInterfaceOrientationPortrait;
				INFOPLIST_KEY_UISupportedInterfaceOrientations_iPad = "UIInterfaceOrientationLandscapeLeft UIInterfaceOrientationLandscapeRight UIInterfaceOrientationPortraitUpsideDown";
				IPHONEOS_DEPLOYMENT_TARGET = 16.0;
				LD_RUNPATH_SEARCH_PATHS = (
					"$(inherited)",
					"@executable_path/Frameworks",
				);
				MARKETING_VERSION = 1.0;
				PRODUCT_BUNDLE_IDENTIFIER = com.vladkozlov.HowManyOrcs;
				PRODUCT_NAME = "$(TARGET_NAME)";
				SWIFT_EMIT_LOC_STRINGS = YES;
				SWIFT_VERSION = 5.0;
				TARGETED_DEVICE_FAMILY = "1,2";
			};
			name = Release;
		};
/* End XCBuildConfiguration section */

/* Begin XCConfigurationList section */
		FB3CFC9F284CC6CC00C97357 /* Build configuration list for PBXProject "HowManyOrcs" */ = {
			isa = XCConfigurationList;
			buildConfigurations = (
				FB3CFCB0284CC6CD00C97357 /* Debug */,
				FB3CFCB1284CC6CD00C97357 /* Release */,
			);
			defaultConfigurationIsVisible = 0;
			defaultConfigurationName = Release;
		};
		FB3CFCB2284CC6CD00C97357 /* Build configuration list for PBXNativeTarget "HowManyOrcs" */ = {
			isa = XCConfigurationList;
			buildConfigurations = (
				FB3CFCB3284CC6CD00C97357 /* Debug */,
				FB3CFCB4284CC6CD00C97357 /* Release */,
			);
			defaultConfigurationIsVisible = 0;
			defaultConfigurationName = Release;
		};
/* End XCConfigurationList section */
	};
	rootObject = FB3CFC9C284CC6CC00C97357 /* Project object */;
}
